version = 1
revision = 3
requires-python = ">=3.14"

[[package]]
name = "annotated-types"
version = "0.7.0"
source = { registry = "https://pypi.org/simple" }
sdist = { url = "https://files.pythonhosted.org/packages/ee/67/531ea369ba64dcff5ec9c3402f9f51bf748cec26dde048a2f973a4eea7f5/annotated_types-0.7.0.tar.gz", hash = "sha256:aff07c09a53a08bc8cfccb9c85b05f1aa9a2a6f23728d790723543408344ce89", size = 16081, upload-time = "2024-05-20T21:33:25.928Z" }
wheels = [
    { url = "https://files.pythonhosted.org/packages/78/b6/6307fbef88d9b5ee7421e68d78a9f162e0da4900bc5f5793f6d3d0e34fb8/annotated_types-0.7.0-py3-none-any.whl", hash = "sha256:1f02e8b43a8fbbc3f3e0d4f0f4bfc8131bcb4eebe8849b8e5c773f3a1c582a53", size = 13643, upload-time = "2024-05-20T21:33:24.1Z" },
]

[[package]]
name = "attrs"
version = "26.1.0"
source = { registry = "https://pypi.org/simple" }
sdist = { url = "https://files.pythonhosted.org/packages/9a/8e/82a0fe20a541c03148528be8cac2408564a6c9a0cc7e9171802bc1d26985/attrs-26.1.0.tar.gz", hash = "sha256:d03ceb89cb322a8fd706d4fb91940737b6642aa36998fe130a9bc96c985eff32", size = 952055, upload-time = "2026-03-19T14:22:25.026Z" }
wheels = [
    { url = "https://files.pythonhosted.org/packages/64/b4/17d4b0b2a2dc85a6df63d1157e028ed19f90d4cd97c36717afef2bc2f395/attrs-26.1.0-py3-none-any.whl", hash = "sha256:c647aa4a12dfbad9333ca4e71fe62ddc36f4e63b2d260a37a8b83d2f043ac309", size = 67548, upload-time = "2026-03-19T14:22:23.645Z" },
]

[[package]]
name = "docs-zappi"
version = "0.0.1"
source = { virtual = "." }
dependencies = [
    { name = "openapi-spec-validator" },
]

[package.metadata]
requires-dist = [{ name = "openapi-spec-validator" }]

[[package]]
name = "jsonschema"
version = "4.24.1"
source = { registry = "https://pypi.org/simple" }
dependencies = [
    { name = "attrs" },
    { name = "jsonschema-specifications" },
    { name = "referencing" },
    { name = "rpds-py" },
]
sdist = { url = "https://files.pythonhosted.org/packages/f1/6e/35174c1d3f30560848c82d3c233c01420e047d70925c897a4d6e932b4898/jsonschema-4.24.1.tar.gz", hash = "sha256:fe45a130cc7f67cd0d67640b4e7e3e2e666919462ae355eda238296eafeb4b5d", size = 356635, upload-time = "2025-07-17T14:40:01.05Z" }
wheels = [
    { url = "https://files.pythonhosted.org/packages/85/7f/ea48ffb58f9791f9d97ccb35e42fea1ebc81c67ce36dc4b8b2eee60e8661/jsonschema-4.24.1-py3-none-any.whl", hash = "sha256:6b916866aa0b61437785f1277aa2cbd63512e8d4b47151072ef13292049b4627", size = 89060, upload-time = "2025-07-17T14:39:59.471Z" },
]

[[package]]
name = "jsonschema-path"
version = "0.4.5"
source = { registry = "https://pypi.org/simple" }
dependencies = [
    { name = "pathable" },
    { name = "pyyaml" },
    { name = "referencing" },
]
sdist = { url = "https://files.pythonhosted.org/packages/5b/8a/7e6102f2b8bdc6705a9eb5294f8f6f9ccd3a8420e8e8e19671d1dd773251/jsonschema_path-0.4.5.tar.gz", hash = "sha256:c6cd7d577ae290c7defd4f4029e86fdb248ca1bd41a07557795b3c95e5144918", size = 15113, upload-time = "2026-03-03T09:56:46.87Z" }
wheels = [
    { url = "https://files.pythonhosted.org/packages/04/d5/4e96c44f6c1ea3d812cf5391d81a4f5abaa540abf8d04ecd7f66e0ed11df/jsonschema_path-0.4.5-py3-none-any.whl", hash = "sha256:7d77a2c3f3ec569a40efe5c5f942c44c1af2a6f96fe0866794c9ef5b8f87fd65", size = 19368, upload-time = "2026-03-03T09:56:45.39Z" },
]

[[package]]
name = "jsonschema-specifications"
version = "2025.9.1"
source = { registry = "https://pypi.org/simple" }
dependencies = [
    { name = "referencing" },
]
sdist = { url = "https://files.pythonhosted.org/packages/19/74/a633ee74eb36c44aa6d1095e7cc5569bebf04342ee146178e2d36600708b/jsonschema_specifications-2025.9.1.tar.gz", hash = "sha256:b540987f239e745613c7a9176f3edb72b832a4ac465cf02712288397832b5e8d", size = 32855, upload-time = "2025-09-08T01:34:59.186Z" }
wheels = [
    { url = "https://files.pythonhosted.org/packages/41/45/1a4ed80516f02155c51f51e8cedb3c1902296743db0bbc66608a0db2814f/jsonschema_specifications-2025.9.1-py3-none-any.whl", hash = "sha256:98802fee3a11ee76ecaca44429fda8a41bff98b00a0f2838151b113f210cc6fe", size = 18437, upload-time = "2025-09-08T01:34:57.871Z" },
]

[[package]]
name = "lazy-object-proxy"
version = "1.12.0"
source = { registry = "https://pypi.org/simple" }
sdist = { url = "https://files.pythonhosted.org/packages/08/a2/69df9c6ba6d316cfd81fe2381e464db3e6de5db45f8c43c6a23504abf8cb/lazy_object_proxy-1.12.0.tar.gz", hash = "sha256:1f5a462d92fd0cfb82f1fab28b51bfb209fabbe6aabf7f0d51472c0c124c0c61", size = 43681, upload-time = "2025-08-22T13:50:06.783Z" }
wheels = [
    { url = "https://files.pythonhosted.org/packages/ef/3a/277857b51ae419a1574557c0b12e0d06bf327b758ba94cafc664cb1e2f66/lazy_object_proxy-1.12.0-cp314-cp314-macosx_11_0_arm64.whl", hash = "sha256:c9defba70ab943f1df98a656247966d7729da2fe9c2d5d85346464bf320820a3", size = 26582, upload-time = "2025-08-22T13:49:49.366Z" },
    { url = "https://files.pythonhosted.org/packages/1a/b6/c5e0fa43535bb9c87880e0ba037cdb1c50e01850b0831e80eb4f4762f270/lazy_object_proxy-1.12.0-cp314-cp314-manylinux1_x86_64.manylinux_2_28_x86_64.manylinux_2_5_x86_64.whl", hash = "sha256:6763941dbf97eea6b90f5b06eb4da9418cc088fce0e3883f5816090f9afcde4a", size = 71059, upload-time = "2025-08-22T13:49:50.488Z" },
    { url = "https://files.pythonhosted.org/packages/06/8a/7dcad19c685963c652624702f1a968ff10220b16bfcc442257038216bf55/lazy_object_proxy-1.12.0-cp314-cp314-manylinux2014_aarch64.manylinux_2_17_aarch64.manylinux_2_28_aarch64.whl", hash = "sha256:fdc70d81235fc586b9e3d1aeef7d1553259b62ecaae9db2167a5d2550dcc391a", size = 71034, upload-time = "2025-08-22T13:49:54.224Z" },
    { url = "https://files.pythonhosted.org/packages/12/ac/34cbfb433a10e28c7fd830f91c5a348462ba748413cbb950c7f259e67aa7/lazy_object_proxy-1.12.0-cp314-cp314-musllinux_1_2_aarch64.whl", hash = "sha256:0a83c6f7a6b2bfc11ef3ed67f8cbe99f8ff500b05655d8e7df9aab993a6abc95", size = 69529, upload-time = "2025-08-22T13:49:55.29Z" },
    { url = "https://files.pythonhosted.org/packages/6f/6a/11ad7e349307c3ca4c0175db7a77d60ce42a41c60bcb11800aabd6a8acb8/lazy_object_proxy-1.12.0-cp314-cp314-musllinux_1_2_x86_64.whl", hash = "sha256:256262384ebd2a77b023ad02fbcc9326282bcfd16484d5531154b02bc304f4c5", size = 70391, upload-time = "2025-08-22T13:49:56.35Z" },
    { url = "https://files.pythonhosted.org/packages/59/97/9b410ed8fbc6e79c1ee8b13f8777a80137d4bc189caf2c6202358e66192c/lazy_object_proxy-1.12.0-cp314-cp314-win_amd64.whl", hash = "sha256:7601ec171c7e8584f8ff3f4e440aa2eebf93e854f04639263875b8c2971f819f", size = 26988, upload-time = "2025-08-22T13:49:57.302Z" },
]

[[package]]
name = "openapi-schema-validator"
version = "0.8.1"
source = { registry = "https://pypi.org/simple" }
dependencies = [
    { name = "jsonschema" },
    { name = "jsonschema-specifications" },
    { name = "pydantic" },
    { name = "pydantic-settings" },
    { name = "referencing" },
    { name = "rfc3339-validator" },
]
sdist = { url = "https://files.pythonhosted.org/packages/21/4b/67b24b2b23d96ea862be2cca3632a546f67a22461200831213e80c3c6011/openapi_schema_validator-0.8.1.tar.gz", hash = "sha256:4c57266ce8cbfa37bb4eb4d62cdb7d19356c3a468e3535743c4562863e1790da", size = 23134, upload-time = "2026-03-02T08:46:29.807Z" }
wheels = [
    { url = "https://files.pythonhosted.org/packages/6f/87/e9f29f463b230d4b47d65e17858c595153a8ca8c1775f16e406aa82d455d/openapi_schema_validator-0.8.1-py3-none-any.whl", hash = "sha256:0f5859794c5bfa433d478dc5ac5e5768d50adc56b14380c8a6fd3a8113e89c9b", size = 19211, upload-time = "2026-03-02T08:46:28.154Z" },
]

[[package]]
name = "openapi-spec-validator"
version = "0.8.4"
source = { registry = "https://pypi.org/simple" }
dependencies = [
    { name = "jsonschema" },
    { name = "jsonschema-path" },
    { name = "lazy-object-proxy" },
    { name = "openapi-schema-validator" },
    { name = "pydantic" },
    { name = "pydantic-settings" },
]
sdist = { url = "https://files.pythonhosted.org/packages/10/de/0199b15f5dde3ca61df6e6b3987420bfd424db077998f0162e8ffe12e4f5/openapi_spec_validator-0.8.4.tar.gz", hash = "sha256:8bb324b9b08b9b368b1359dec14610c60a8f3a3dd63237184eb04456d4546f49", size = 1756847, upload-time = "2026-03-01T15:48:19.499Z" }
wheels = [
    { url = "https://files.pythonhosted.org/packages/cb/70/52310f9ece5f4eb02e0b31d538b51f729169517767a8d0100a25db31d67f/openapi_spec_validator-0.8.4-py3-none-any.whl", hash = "sha256:cf905117063d7c4d495c8a5a167a1f2a8006da6ffa8ba234a7ed0d0f11454d51", size = 50330, upload-time = "2026-03-01T15:48:17.668Z" },
]

[[package]]
name = "pathable"
version = "0.5.0"
source = { registry = "https://pypi.org/simple" }
sdist = { url = "https://files.pythonhosted.org/packages/72/55/b748445cb4ea6b125626f15379be7c96d1035d4fa3e8fee362fa92298abf/pathable-0.5.0.tar.gz", hash = "sha256:d81938348a1cacb525e7c75166270644782c0fb9c8cecc16be033e71427e0ef1", size = 16655, upload-time = "2026-02-20T08:47:00.748Z" }
wheels = [
    { url = "https://files.pythonhosted.org/packages/52/96/5a770e5c461462575474468e5af931cff9de036e7c2b4fea23c1c58d2cbe/pathable-0.5.0-py3-none-any.whl", hash = "sha256:646e3d09491a6351a0c82632a09c02cdf70a252e73196b36d8a15ba0a114f0a6", size = 16867, upload-time = "2026-02-20T08:46:59.536Z" },
]

[[package]]
name = "pydantic"
version = "2.13.3"
source = { registry = "https://pypi.org/simple" }
dependencies = [
    { name = "annotated-types" },
    { name = "pydantic-core" },
    { name = "typing-extensions" },
    { name = "typing-inspection" },
]
sdist = { url = "https://files.pythonhosted.org/packages/d9/e4/40d09941a2cebcb20609b86a559817d5b9291c49dd6f8c87e5feffbe703a/pydantic-2.13.3.tar.gz", hash = "sha256:af09e9d1d09f4e7fe37145c1f577e1d61ceb9a41924bf0094a36506285d0a84d", size = 844068, upload-time = "2026-04-20T14:46:43.632Z" }
wheels = [
    { url = "https://files.pythonhosted.org/packages/f3/0a/fd7d723f8f8153418fb40cf9c940e82004fce7e987026b08a68a36dd3fe7/pydantic-2.13.3-py3-none-any.whl", hash = "sha256:6db14ac8dfc9a1e57f87ea2c0de670c251240f43cb0c30a5130e9720dc612927", size = 471981, upload-time = "2026-04-20T14:46:41.402Z" },
]

[[package]]
name = "pydantic-core"
version = "2.46.3"
source = { registry = "https://pypi.org/simple" }
dependencies = [
    { name = "typing-extensions" },
]
sdist = { url = "https://files.pythonhosted.org/packages/2a/ef/f7abb56c49382a246fd2ce9c799691e3c3e7175ec74b14d99e798bcddb1a/pydantic_core-2.46.3.tar.gz", hash = "sha256:41c178f65b8c29807239d47e6050262eb6bf84eb695e41101e62e38df4a5bc2c", size = 471412, upload-time = "2026-04-20T14:40:56.672Z" }
wheels = [
    { url = "https://files.pythonhosted.org/packages/7f/db/a7bcb4940183fda36022cd18ba8dd12f2dff40740ec7b58ce7457befa416/pydantic_core-2.46.3-cp314-cp314-macosx_10_12_x86_64.whl", hash = "sha256:afa3aa644f74e290cdede48a7b0bee37d1c35e71b05105f6b340d484af536d9b", size = 2097614, upload-time = "2026-04-20T14:44:38.374Z" },
    { url = "https://files.pythonhosted.org/packages/24/35/e4066358a22e3e99519db370494c7528f5a2aa1367370e80e27e20283543/pydantic_core-2.46.3-cp314-cp314-macosx_11_0_arm64.whl", hash = "sha256:ced3310e51aa425f7f77da8bbbb5212616655bedbe82c70944320bc1dbe5e018", size = 1951896, upload-time = "2026-04-20T14:40:53.996Z" },
    { url = "https://files.pythonhosted.org/packages/87/92/37cf4049d1636996e4b888c05a501f40a43ff218983a551d57f9d5e14f0d/pydantic_core-2.46.3-cp314-cp314-manylinux_2_17_aarch64.manylinux2014_aarch64.whl", hash = "sha256:e29908922ce9da1a30b4da490bd1d3d82c01dcfdf864d2a74aacee674d0bfa34", size = 1979314, upload-time = "2026-04-20T14:41:49.446Z" },
    { url = "https://files.pythonhosted.org/packages/d8/36/9ff4d676dfbdfb2d591cf43f3d90ded01e15b1404fd101180ed2d62a2fd3/pydantic_core-2.46.3-cp314-cp314-manylinux_2_17_armv7l.manylinux2014_armv7l.whl", hash = "sha256:0c9ff69140423eea8ed2d5477df3ba037f671f5e897d206d921bc9fdc39613e7", size = 2056133, upload-time = "2026-04-20T14:42:23.574Z" },
    { url = "https://files.pythonhosted.org/packages/bc/f0/405b442a4d7ba855b06eec8b2bf9c617d43b8432d099dfdc7bf999293495/pydantic_core-2.46.3-cp314-cp314-manylinux_2_17_ppc64le.manylinux2014_ppc64le.whl", hash = "sha256:b675ab0a0d5b1c8fdb81195dc5bcefea3f3c240871cdd7ff9a2de8aa50772eb2", size = 2228726, upload-time = "2026-04-20T14:44:22.816Z" },
    { url = "https://files.pythonhosted.org/packages/e7/f8/65cd92dd5a0bd89ba277a98ecbfaf6fc36bbd3300973c7a4b826d6ab1391/pydantic_core-2.46.3-cp314-cp314-manylinux_2_17_s390x.manylinux2014_s390x.whl", hash = "sha256:0087084960f209a9a4af50ecd1fb063d9ad3658c07bb81a7a53f452dacbfb2ba", size = 2301214, upload-time = "2026-04-20T14:44:48.792Z" },
    { url = "https://files.pythonhosted.org/packages/fd/86/ef96a4c6e79e7a2d0410826a68fbc0eccc0fd44aa733be199d5fcac3bb87/pydantic_core-2.46.3-cp314-cp314-manylinux_2_17_x86_64.manylinux2014_x86_64.whl", hash = "sha256:ed42e6cc8e1b0e2b9b96e2276bad70ae625d10d6d524aed0c93de974ae029f9f", size = 2099927, upload-time = "2026-04-20T14:41:40.196Z" },
    { url = "https://files.pythonhosted.org/packages/6d/53/269caf30e0096e0a8a8f929d1982a27b3879872cca2d917d17c2f9fdf4fe/pydantic_core-2.46.3-cp314-cp314-manylinux_2_31_riscv64.whl", hash = "sha256:f1771ce258afb3e4201e67d154edbbae712a76a6081079fe247c2f53c6322c22", size = 2128789, upload-time = "2026-04-20T14:41:15.868Z" },
    { url = "https://files.pythonhosted.org/packages/00/b0/1a6d9b6a587e118482910c244a1c5acf4d192604174132efd12bf0ac486f/pydantic_core-2.46.3-cp314-cp314-manylinux_2_5_i686.manylinux1_i686.whl", hash = "sha256:a7610b6a5242a6c736d8ad47fd5fff87fcfe8f833b281b1c409c3d6835d9227f", size = 2173815, upload-time = "2026-04-20T14:44:25.152Z" },
    { url = "https://files.pythonhosted.org/packages/87/56/e7e00d4041a7e62b5a40815590114db3b535bf3ca0bf4dca9f16cef25246/pydantic_core-2.46.3-cp314-cp314-musllinux_1_1_aarch64.whl", hash = "sha256:ff5e7783bcc5476e1db448bf268f11cb257b1c276d3e89f00b5727be86dd0127", size = 2181608, upload-time = "2026-04-20T14:41:28.933Z" },
    { url = "https://files.pythonhosted.org/packages/e8/22/4bd23c3d41f7c185d60808a1de83c76cf5aeabf792f6c636a55c3b1ec7f9/pydantic_core-2.46.3-cp314-cp314-musllinux_1_1_armv7l.whl", hash = "sha256:9d2e32edcc143bc01e95300671915d9ca052d4f745aa0a49c48d4803f8a85f2c", size = 2326968, upload-time = "2026-04-20T14:42:03.962Z" },
    { url = "https://files.pythonhosted.org/packages/24/ac/66cd45129e3915e5ade3b292cb3bc7fd537f58f8f8dbdaba6170f7cabb74/pydantic_core-2.46.3-cp314-cp314-musllinux_1_1_x86_64.whl", hash = "sha256:6e42d83d1c6b87fa56b521479cff237e626a292f3b31b6345c15a99121b454c1", size = 2369842, upload-time = "2026-04-20T14:41:35.52Z" },
    { url = "https://files.pythonhosted.org/packages/a2/51/dd4248abb84113615473aa20d5545b7c4cd73c8644003b5259686f93996c/pydantic_core-2.46.3-cp314-cp314-win32.whl", hash = "sha256:07bc6d2a28c3adb4f7c6ae46aa4f2d2929af127f587ed44057af50bf1ce0f505", size = 1959661, upload-time = "2026-04-20T14:41:00.042Z" },
    { url = "https://files.pythonhosted.org/packages/20/eb/59980e5f1ae54a3b86372bd9f0fa373ea2d402e8cdcd3459334430f91e91/pydantic_core-2.46.3-cp314-cp314-win_amd64.whl", hash = "sha256:8940562319bc621da30714617e6a7eaa6b98c84e8c685bcdc02d7ed5e7c7c44e", size = 2071686, upload-time = "2026-04-20T14:43:16.471Z" },
    { url = "https://files.pythonhosted.org/packages/8c/db/1cf77e5247047dfee34bc01fa9bca134854f528c8eb053e144298893d370/pydantic_core-2.46.3-cp314-cp314-win_arm64.whl", hash = "sha256:5dcbbcf4d22210ced8f837c96db941bdb078f419543472aca5d9a0bb7cddc7df", size = 2026907, upload-time = "2026-04-20T14:43:31.732Z" },
    { url = "https://files.pythonhosted.org/packages/57/c0/b3df9f6a543276eadba0a48487b082ca1f201745329d97dbfa287034a230/pydantic_core-2.46.3-cp314-cp314t-macosx_10_12_x86_64.whl", hash = "sha256:d0fe3dce1e836e418f912c1ad91c73357d03e556a4d286f441bf34fed2dbeecf", size = 2095047, upload-time = "2026-04-20T14:42:37.982Z" },
    { url = "https://files.pythonhosted.org/packages/66/57/886a938073b97556c168fd99e1a7305bb363cd30a6d2c76086bf0587b32a/pydantic_core-2.46.3-cp314-cp314t-macosx_11_0_arm64.whl", hash = "sha256:9ce92e58abc722dac1bf835a6798a60b294e48eb0e625ec9fd994b932ac5feee", size = 1934329, upload-time = "2026-04-20T14:43:49.655Z" },
    { url = "https://files.pythonhosted.org/packages/0b/7c/b42eaa5c34b13b07ecb51da21761297a9b8eb43044c864a035999998f328/pydantic_core-2.46.3-cp314-cp314t-manylinux_2_17_aarch64.manylinux2014_aarch64.whl", hash = "sha256:a03e6467f0f5ab796a486146d1b887b2dc5e5f9b3288898c1b1c3ad974e53e4a", size = 1974847, upload-time = "2026-04-20T14:42:10.737Z" },
    { url = "https://files.pythonhosted.org/packages/e6/9b/92b42db6543e7de4f99ae977101a2967b63122d4b6cf7773812da2d7d5b5/pydantic_core-2.46.3-cp314-cp314t-manylinux_2_17_armv7l.manylinux2014_armv7l.whl", hash = "sha256:2798b6ba041b9d70acfb9071a2ea13c8456dd1e6a5555798e41ba7b0790e329c", size = 2041742, upload-time = "2026-04-20T14:40:44.262Z" },
    { url = "https://files.pythonhosted.org/packages/0f/19/46fbe1efabb5aa2834b43b9454e70f9a83ad9c338c1291e48bdc4fecf167/pydantic_core-2.46.3-cp314-cp314t-manylinux_2_17_ppc64le.manylinux2014_ppc64le.whl", hash = "sha256:9be3e221bdc6d69abf294dcf7aff6af19c31a5cdcc8f0aa3b14be29df4bd03b1", size = 2236235, upload-time = "2026-04-20T14:41:27.307Z" },
    { url = "https://files.pythonhosted.org/packages/77/da/b3f95bc009ad60ec53120f5d16c6faa8cabdbe8a20d83849a1f2b8728148/pydantic_core-2.46.3-cp314-cp314t-manylinux_2_17_s390x.manylinux2014_s390x.whl", hash = "sha256:f13936129ce841f2a5ddf6f126fea3c43cd128807b5a59588c37cf10178c2e64", size = 2282633, upload-time = "2026-04-20T14:44:33.271Z" },
    { url = "https://files.pythonhosted.org/packages/cc/6e/401336117722e28f32fb8220df676769d28ebdf08f2f4469646d404c43a3/pydantic_core-2.46.3-cp314-cp314t-manylinux_2_17_x86_64.manylinux2014_x86_64.whl", hash = "sha256:28b5f2ef03416facccb1c6ef744c69793175fd27e44ef15669201601cf423acb", size = 2109679, upload-time = "2026-04-20T14:44:41.065Z" },
    { url = "https://files.pythonhosted.org/packages/fc/53/b289f9bc8756a32fe718c46f55afaeaf8d489ee18d1a1e7be1db73f42cc4/pydantic_core-2.46.3-cp314-cp314t-manylinux_2_31_riscv64.whl", hash = "sha256:830d1247d77ad23852314f069e9d7ddafeec5f684baf9d7e7065ed46a049c4e6", size = 2108342, upload-time = "2026-04-20T14:42:50.144Z" },
    { url = "https://files.pythonhosted.org/packages/10/5b/8292fc7c1f9111f1b2b7c1b0dcf1179edcd014fc3ea4517499f50b829d71/pydantic_core-2.46.3-cp314-cp314t-manylinux_2_5_i686.manylinux1_i686.whl", hash = "sha256:d0793c90c1a3c74966e7975eaef3ed30ebdff3260a0f815a62a22adc17e4c01c", size = 2157208, upload-time = "2026-04-20T14:42:08.133Z" },
    { url = "https://files.pythonhosted.org/packages/2b/9e/f80044e9ec07580f057a89fc131f78dda7a58751ddf52bbe05eaf31db50f/pydantic_core-2.46.3-cp314-cp314t-musllinux_1_1_aarch64.whl", hash = "sha256:d2d0aead851b66f5245ec0c4fb2612ef457f8bbafefdf65a2bf9d6bac6140f47", size = 2167237, upload-time = "2026-04-20T14:42:25.412Z" },
    { url = "https://files.pythonhosted.org/packages/f8/84/6781a1b037f3b96be9227edbd1101f6d3946746056231bf4ac48cdff1a8d/pydantic_core-2.46.3-cp314-cp314t-musllinux_1_1_armv7l.whl", hash = "sha256:2f40e4246676beb31c5ce77c38a55ca4e465c6b38d11ea1bd935420568e0b1ab", size = 2312540, upload-time = "2026-04-20T14:40:40.313Z" },
    { url = "https://files.pythonhosted.org/packages/3e/db/19c0839feeb728e7df03255581f198dfdf1c2aeb1e174a8420b63c5252e5/pydantic_core-2.46.3-cp314-cp314t-musllinux_1_1_x86_64.whl", hash = "sha256:cf489cf8986c543939aeee17a09c04d6ffb43bfef8ca16fcbcc5cfdcbed24dba", size = 2369556, upload-time = "2026-04-20T14:41:09.427Z" },
    { url = "https://files.pythonhosted.org/packages/e0/15/3228774cb7cd45f5f721ddf1b2242747f4eb834d0c491f0c02d606f09fed/pydantic_core-2.46.3-cp314-cp314t-win32.whl", hash = "sha256:ffe0883b56cfc05798bf994164d2b2ff03efe2d22022a2bb080f3b626176dd56", size = 1949756, upload-time = "2026-04-20T14:41:25.717Z" },
    { url = "https://files.pythonhosted.org/packages/b8/2a/c79cf53fd91e5a87e30d481809f52f9a60dd221e39de66455cf04deaad37/pydantic_core-2.46.3-cp314-cp314t-win_amd64.whl", hash = "sha256:706d9d0ce9cf4593d07270d8e9f53b161f90c57d315aeec4fb4fd7a8b10240d8", size = 2051305, upload-time = "2026-04-20T14:43:18.627Z" },
    { url = "https://files.pythonhosted.org/packages/0b/db/d8182a7f1d9343a032265aae186eb063fe26ca4c40f256b21e8da4498e89/pydantic_core-2.46.3-cp314-cp314t-win_arm64.whl", hash = "sha256:77706aeb41df6a76568434701e0917da10692da28cb69d5fb6919ce5fdb07374", size = 2026310, upload-time = "2026-04-20T14:41:01.778Z" },
]

[[package]]
name = "pydantic-settings"
version = "2.14.0"
source = { registry = "https://pypi.org/simple" }
dependencies = [
    { name = "pydantic" },
    { name = "python-dotenv" },
    { name = "typing-inspection" },
]
sdist = { url = "https://files.pythonhosted.org/packages/42/98/c8345dccdc31de4228c039a98f6467a941e39558da41c1744fbe29fa5666/pydantic_settings-2.14.0.tar.gz", hash = "sha256:24285fd4b0e0c06507dd9fdfd331ee23794305352aaec8fc4eb92d4047aeb67d", size = 235709, upload-time = "2026-04-20T13:37:40.293Z" }
wheels = [
    { url = "https://files.pythonhosted.org/packages/01/dd/bebff3040138f00ae8a102d426b27349b9a49acc310fcae7f92112d867e3/pydantic_settings-2.14.0-py3-none-any.whl", hash = "sha256:fc8d5d692eb7092e43c8647c1c35a3ecd00e040fcf02ed86f4cb5458ca62182e", size = 60940, upload-time = "2026-04-20T13:37:38.586Z" },
]

[[package]]
name = "python-dotenv"
version = "1.2.2"
source = { registry = "https://pypi.org/simple" }
sdist = { url = "https://files.pythonhosted.org/packages/82/ed/0301aeeac3e5353ef3d94b6ec08bbcabd04a72018415dcb29e588514bba8/python_dotenv-1.2.2.tar.gz", hash = "sha256:2c371a91fbd7ba082c2c1dc1f8bf89ca22564a087c2c287cd9b662adde799cf3", size = 50135, upload-time = "2026-03-01T16:00:26.196Z" }
wheels = [
    { url = "https://files.pythonhosted.org/packages/0b/d7/1959b9648791274998a9c3526f6d0ec8fd2233e4d4acce81bbae76b44b2a/python_dotenv-1.2.2-py3-none-any.whl", hash = "sha256:1d8214789a24de455a8b8bd8ae6fe3c6b69a5e3d64aa8a8e5d68e694bbcb285a", size = 22101, upload-time = "2026-03-01T16:00:25.09Z" },
]

[[package]]
name = "pyyaml"
version = "6.0.3"
source = { registry = "https://pypi.org/simple" }
sdist = { url = "https://files.pythonhosted.org/packages/05/8e/961c0007c59b8dd7729d542c61a4d537767a59645b82a0b521206e1e25c2/pyyaml-6.0.3.tar.gz", hash = "sha256:d76623373421df22fb4cf8817020cbb7ef15c725b9d5e45f17e189bfc384190f", size = 130960, upload-time = "2025-09-25T21:33:16.546Z" }
wheels = [
    { url = "https://files.pythonhosted.org/packages/9d/8c/f4bd7f6465179953d3ac9bc44ac1a8a3e6122cf8ada906b4f96c60172d43/pyyaml-6.0.3-cp314-cp314-macosx_10_13_x86_64.whl", hash = "sha256:8d1fab6bb153a416f9aeb4b8763bc0f22a5586065f86f7664fc23339fc1c1fac", size = 181814, upload-time = "2025-09-25T21:32:35.712Z" },
    { url = "https://files.pythonhosted.org/packages/bd/9c/4d95bb87eb2063d20db7b60faa3840c1b18025517ae857371c4dd55a6b3a/pyyaml-6.0.3-cp314-cp314-macosx_11_0_arm64.whl", hash = "sha256:34d5fcd24b8445fadc33f9cf348c1047101756fd760b4dacb5c3e99755703310", size = 173809, upload-time = "2025-09-25T21:32:36.789Z" },
    { url = "https://files.pythonhosted.org/packages/92/b5/47e807c2623074914e29dabd16cbbdd4bf5e9b2db9f8090fa64411fc5382/pyyaml-6.0.3-cp314-cp314-manylinux2014_aarch64.manylinux_2_17_aarch64.manylinux_2_28_aarch64.whl", hash = "sha256:501a031947e3a9025ed4405a168e6ef5ae3126c59f90ce0cd6f2bfc477be31b7", size = 766454, upload-time = "2025-09-25T21:32:37.966Z" },
    { url = "https://files.pythonhosted.org/packages/02/9e/e5e9b168be58564121efb3de6859c452fccde0ab093d8438905899a3a483/pyyaml-6.0.3-cp314-cp314-manylinux2014_s390x.manylinux_2_17_s390x.manylinux_2_28_s390x.whl", hash = "sha256:b3bc83488de33889877a0f2543ade9f70c67d66d9ebb4ac959502e12de895788", size = 836355, upload-time = "2025-09-25T21:32:39.178Z" },
    { url = "https://files.pythonhosted.org/packages/88/f9/16491d7ed2a919954993e48aa941b200f38040928474c9e85ea9e64222c3/pyyaml-6.0.3-cp314-cp314-manylinux2014_x86_64.manylinux_2_17_x86_64.manylinux_2_28_x86_64.whl", hash = "sha256:c458b6d084f9b935061bc36216e8a69a7e293a2f1e68bf956dcd9e6cbcd143f5", size = 794175, upload-time = "2025-09-25T21:32:40.865Z" },
    { url = "https://files.pythonhosted.org/packages/dd/3f/5989debef34dc6397317802b527dbbafb2b4760878a53d4166579111411e/pyyaml-6.0.3-cp314-cp314-musllinux_1_2_aarch64.whl", hash = "sha256:7c6610def4f163542a622a73fb39f534f8c101d690126992300bf3207eab9764", size = 755228, upload-time = "2025-09-25T21:32:42.084Z" },
    { url = "https://files.pythonhosted.org/packages/d7/ce/af88a49043cd2e265be63d083fc75b27b6ed062f5f9fd6cdc223ad62f03e/pyyaml-6.0.3-cp314-cp314-musllinux_1_2_x86_64.whl", hash = "sha256:5190d403f121660ce8d1d2c1bb2ef1bd05b5f68533fc5c2ea899bd15f4399b35", size = 789194, upload-time = "2025-09-25T21:32:43.362Z" },
    { url = "https://files.pythonhosted.org/packages/23/20/bb6982b26a40bb43951265ba29d4c246ef0ff59c9fdcdf0ed04e0687de4d/pyyaml-6.0.3-cp314-cp314-win_amd64.whl", hash = "sha256:4a2e8cebe2ff6ab7d1050ecd59c25d4c8bd7e6f400f5f82b96557ac0abafd0ac", size = 156429, upload-time = "2025-09-25T21:32:57.844Z" },
    { url = "https://files.pythonhosted.org/packages/f4/f4/a4541072bb9422c8a883ab55255f918fa378ecf083f5b85e87fc2b4eda1b/pyyaml-6.0.3-cp314-cp314-win_arm64.whl", hash = "sha256:93dda82c9c22deb0a405ea4dc5f2d0cda384168e466364dec6255b293923b2f3", size = 143912, upload-time = "2025-09-25T21:32:59.247Z" },
    { url = "https://files.pythonhosted.org/packages/7c/f9/07dd09ae774e4616edf6cda684ee78f97777bdd15847253637a6f052a62f/pyyaml-6.0.3-cp314-cp314t-macosx_10_13_x86_64.whl", hash = "sha256:02893d100e99e03eda1c8fd5c441d8c60103fd175728e23e431db1b589cf5ab3", size = 189108, upload-time = "2025-09-25T21:32:44.377Z" },
    { url = "https://files.pythonhosted.org/packages/4e/78/8d08c9fb7ce09ad8c38ad533c1191cf27f7ae1effe5bb9400a46d9437fcf/pyyaml-6.0.3-cp314-cp314t-macosx_11_0_arm64.whl", hash = "sha256:c1ff362665ae507275af2853520967820d9124984e0f7466736aea23d8611fba", size = 183641, upload-time = "2025-09-25T21:32:45.407Z" },
    { url = "https://files.pythonhosted.org/packages/7b/5b/3babb19104a46945cf816d047db2788bcaf8c94527a805610b0289a01c6b/pyyaml-6.0.3-cp314-cp314t-manylinux2014_aarch64.manylinux_2_17_aarch64.manylinux_2_28_aarch64.whl", hash = "sha256:6adc77889b628398debc7b65c073bcb99c4a0237b248cacaf3fe8a557563ef6c", size = 831901, upload-time = "2025-09-25T21:32:48.83Z" },
    { url = "https://files.pythonhosted.org/packages/8b/cc/dff0684d8dc44da4d22a13f35f073d558c268780ce3c6ba1b87055bb0b87/pyyaml-6.0.3-cp314-cp314t-manylinux2014_s390x.manylinux_2_17_s390x.manylinux_2_28_s390x.whl", hash = "sha256:a80cb027f6b349846a3bf6d73b5e95e782175e52f22108cfa17876aaeff93702", size = 861132, upload-time = "2025-09-25T21:32:50.149Z" },
    { url = "https://files.pythonhosted.org/packages/b1/5e/f77dc6b9036943e285ba76b49e118d9ea929885becb0a29ba8a7c75e29fe/pyyaml-6.0.3-cp314-cp314t-manylinux2014_x86_64.manylinux_2_17_x86_64.manylinux_2_28_x86_64.whl", hash = "sha256:00c4bdeba853cc34e7dd471f16b4114f4162dc03e6b7afcc2128711f0eca823c", size = 839261, upload-time = "2025-09-25T21:32:51.808Z" },
    { url = "https://files.pythonhosted.org/packages/ce/88/a9db1376aa2a228197c58b37302f284b5617f56a5d959fd1763fb1675ce6/pyyaml-6.0.3-cp314-cp314t-musllinux_1_2_aarch64.whl", hash = "sha256:66e1674c3ef6f541c35191caae2d429b967b99e02040f5ba928632d9a7f0f065", size = 805272, upload-time = "2025-09-25T21:32:52.941Z" },
    { url = "https://files.pythonhosted.org/packages/da/92/1446574745d74df0c92e6aa4a7b0b3130706a4142b2d1a5869f2eaa423c6/pyyaml-6.0.3-cp314-cp314t-musllinux_1_2_x86_64.whl", hash = "sha256:16249ee61e95f858e83976573de0f5b2893b3677ba71c9dd36b9cf8be9ac6d65", size = 829923, upload-time = "2025-09-25T21:32:54.537Z" },
    { url = "https://files.pythonhosted.org/packages/f0/7a/1c7270340330e575b92f397352af856a8c06f230aa3e76f86b39d01b416a/pyyaml-6.0.3-cp314-cp314t-win_amd64.whl", hash = "sha256:4ad1906908f2f5ae4e5a8ddfce73c320c2a1429ec52eafd27138b7f1cbe341c9", size = 174062, upload-time = "2025-09-25T21:32:55.767Z" },
    { url = "https://files.pythonhosted.org/packages/f1/12/de94a39c2ef588c7e6455cfbe7343d3b2dc9d6b6b2f40c4c6565744c873d/pyyaml-6.0.3-cp314-cp314t-win_arm64.whl", hash = "sha256:ebc55a14a21cb14062aa4162f906cd962b28e2e9ea38f9b4391244cd8de4ae0b", size = 149341, upload-time = "2025-09-25T21:32:56.828Z" },
]

[[package]]
name = "referencing"
version = "0.37.0"
source = { registry = "https://pypi.org/simple" }
dependencies = [
    { name = "attrs" },
    { name = "rpds-py" },
]
sdist = { url = "https://files.pythonhosted.org/packages/22/f5/df4e9027acead3ecc63e50fe1e36aca1523e1719559c499951bb4b53188f/referencing-0.37.0.tar.gz", hash = "sha256:44aefc3142c5b842538163acb373e24cce6632bd54bdb01b21ad5863489f50d8", size = 78036, upload-time = "2025-10-13T15:30:48.871Z" }
wheels = [
    { url = "https://files.pythonhosted.org/packages/2c/58/ca301544e1fa93ed4f80d724bf5b194f6e4b945841c5bfd555878eea9fcb/referencing-0.37.0-py3-none-any.whl", hash = "sha256:381329a9f99628c9069361716891d34ad94af76e461dcb0335825aecc7692231", size = 26766, upload-time = "2025-10-13T15:30:47.625Z" },
]

[[package]]
name = "rfc3339-validator"
version = "0.1.4"
source = { registry = "https://pypi.org/simple" }
dependencies = [
    { name = "six" },
]
sdist = { url = "https://files.pythonhosted.org/packages/28/ea/a9387748e2d111c3c2b275ba970b735e04e15cdb1eb30693b6b5708c4dbd/rfc3339_validator-0.1.4.tar.gz", hash = "sha256:138a2abdf93304ad60530167e51d2dfb9549521a836871b88d7f4695d0022f6b", size = 5513, upload-time = "2021-05-12T16:37:54.178Z" }
wheels = [
    { url = "https://files.pythonhosted.org/packages/7b/44/4e421b96b67b2daff264473f7465db72fbdf36a07e05494f50300cc7b0c6/rfc3339_validator-0.1.4-py2.py3-none-any.whl", hash = "sha256:24f6ec1eda14ef823da9e36ec7113124b39c04d50a4d3d3a3c2859577e7791fa", size = 3490, upload-time = "2021-05-12T16:37:52.536Z" },
]

[[package]]
name = "rpds-py"
version = "0.30.0"
source = { registry = "https://pypi.org/simple" }
sdist = { url = "https://files.pythonhosted.org/packages/20/af/3f2f423103f1113b36230496629986e0ef7e199d2aa8392452b484b38ced/rpds_py-0.30.0.tar.gz", hash = "sha256:dd8ff7cf90014af0c0f787eea34794ebf6415242ee1d6fa91eaba725cc441e84", size = 69469, upload-time = "2025-11-30T20:24:38.837Z" }
wheels = [
    { url = "https://files.pythonhosted.org/packages/86/81/dad16382ebbd3d0e0328776d8fd7ca94220e4fa0798d1dc5e7da48cb3201/rpds_py-0.30.0-cp314-cp314-macosx_10_12_x86_64.whl", hash = "sha256:68f19c879420aa08f61203801423f6cd5ac5f0ac4ac82a2368a9fcd6a9a075e0", size = 362099, upload-time = "2025-11-30T20:23:27.316Z" },
    { url = "https://files.pythonhosted.org/packages/2b/60/19f7884db5d5603edf3c6bce35408f45ad3e97e10007df0e17dd57af18f8/rpds_py-0.30.0-cp314-cp314-macosx_11_0_arm64.whl", hash = "sha256:ec7c4490c672c1a0389d319b3a9cfcd098dcdc4783991553c332a15acf7249be", size = 353192, upload-time = "2025-11-30T20:23:29.151Z" },
    { url = "https://files.pythonhosted.org/packages/bf/c4/76eb0e1e72d1a9c4703c69607cec123c29028bff28ce41588792417098ac/rpds_py-0.30.0-cp314-cp314-manylinux_2_17_aarch64.manylinux2014_aarch64.whl", hash = "sha256:f251c812357a3fed308d684a5079ddfb9d933860fc6de89f2b7ab00da481e65f", size = 384080, upload-time = "2025-11-30T20:23:30.785Z" },
    { url = "https://files.pythonhosted.org/packages/72/87/87ea665e92f3298d1b26d78814721dc39ed8d2c74b86e83348d6b48a6f31/rpds_py-0.30.0-cp314-cp314-manylinux_2_17_armv7l.manylinux2014_armv7l.whl", hash = "sha256:ac98b175585ecf4c0348fd7b29c3864bda53b805c773cbf7bfdaffc8070c976f", size = 394841, upload-time = "2025-11-30T20:23:32.209Z" },
    { url = "https://files.pythonhosted.org/packages/77/ad/7783a89ca0587c15dcbf139b4a8364a872a25f861bdb88ed99f9b0dec985/rpds_py-0.30.0-cp314-cp314-manylinux_2_17_ppc64le.manylinux2014_ppc64le.whl", hash = "sha256:3e62880792319dbeb7eb866547f2e35973289e7d5696c6e295476448f5b63c87", size = 516670, upload-time = "2025-11-30T20:23:33.742Z" },
    { url = "https://files.pythonhosted.org/packages/5b/3c/2882bdac942bd2172f3da574eab16f309ae10a3925644e969536553cb4ee/rpds_py-0.30.0-cp314-cp314-manylinux_2_17_s390x.manylinux2014_s390x.whl", hash = "sha256:4e7fc54e0900ab35d041b0601431b0a0eb495f0851a0639b6ef90f7741b39a18", size = 408005, upload-time = "2025-11-30T20:23:35.253Z" },
    { url = "https://files.pythonhosted.org/packages/ce/81/9a91c0111ce1758c92516a3e44776920b579d9a7c09b2b06b642d4de3f0f/rpds_py-0.30.0-cp314-cp314-manylinux_2_17_x86_64.manylinux2014_x86_64.whl", hash = "sha256:47e77dc9822d3ad616c3d5759ea5631a75e5809d5a28707744ef79d7a1bcfcad", size = 382112, upload-time = "2025-11-30T20:23:36.842Z" },
    { url = "https://files.pythonhosted.org/packages/cf/8e/1da49d4a107027e5fbc64daeab96a0706361a2918da10cb41769244b805d/rpds_py-0.30.0-cp314-cp314-manylinux_2_31_riscv64.whl", hash = "sha256:b4dc1a6ff022ff85ecafef7979a2c6eb423430e05f1165d6688234e62ba99a07", size = 399049, upload-time = "2025-11-30T20:23:38.343Z" },
    { url = "https://files.pythonhosted.org/packages/df/5a/7ee239b1aa48a127570ec03becbb29c9d5a9eb092febbd1699d567cae859/rpds_py-0.30.0-cp314-cp314-manylinux_2_5_i686.manylinux1_i686.whl", hash = "sha256:4559c972db3a360808309e06a74628b95eaccbf961c335c8fe0d590cf587456f", size = 415661, upload-time = "2025-11-30T20:23:40.263Z" },
    { url = "https://files.pythonhosted.org/packages/70/ea/caa143cf6b772f823bc7929a45da1fa83569ee49b11d18d0ada7f5ee6fd6/rpds_py-0.30.0-cp314-cp314-musllinux_1_2_aarch64.whl", hash = "sha256:0ed177ed9bded28f8deb6ab40c183cd1192aa0de40c12f38be4d59cd33cb5c65", size = 565606, upload-time = "2025-11-30T20:23:42.186Z" },
    { url = "https://files.pythonhosted.org/packages/64/91/ac20ba2d69303f961ad8cf55bf7dbdb4763f627291ba3d0d7d67333cced9/rpds_py-0.30.0-cp314-cp314-musllinux_1_2_i686.whl", hash = "sha256:ad1fa8db769b76ea911cb4e10f049d80bf518c104f15b3edb2371cc65375c46f", size = 591126, upload-time = "2025-11-30T20:23:44.086Z" },
    { url = "https://files.pythonhosted.org/packages/21/20/7ff5f3c8b00c8a95f75985128c26ba44503fb35b8e0259d812766ea966c7/rpds_py-0.30.0-cp314-cp314-musllinux_1_2_x86_64.whl", hash = "sha256:46e83c697b1f1c72b50e5ee5adb4353eef7406fb3f2043d64c33f20ad1c2fc53", size = 553371, upload-time = "2025-11-30T20:23:46.004Z" },
    { url = "https://files.pythonhosted.org/packages/72/c7/81dadd7b27c8ee391c132a6b192111ca58d866577ce2d9b0ca157552cce0/rpds_py-0.30.0-cp314-cp314-win32.whl", hash = "sha256:ee454b2a007d57363c2dfd5b6ca4a5d7e2c518938f8ed3b706e37e5d470801ed", size = 215298, upload-time = "2025-11-30T20:23:47.696Z" },
    { url = "https://files.pythonhosted.org/packages/3e/d2/1aaac33287e8cfb07aab2e6b8ac1deca62f6f65411344f1433c55e6f3eb8/rpds_py-0.30.0-cp314-cp314-win_amd64.whl", hash = "sha256:95f0802447ac2d10bcc69f6dc28fe95fdf17940367b21d34e34c737870758950", size = 228604, upload-time = "2025-11-30T20:23:49.501Z" },
    { url = "https://files.pythonhosted.org/packages/e8/95/ab005315818cc519ad074cb7784dae60d939163108bd2b394e60dc7b5461/rpds_py-0.30.0-cp314-cp314-win_arm64.whl", hash = "sha256:613aa4771c99f03346e54c3f038e4cc574ac09a3ddfb0e8878487335e96dead6", size = 222391, upload-time = "2025-11-30T20:23:50.96Z" },
    { url = "https://files.pythonhosted.org/packages/9e/68/154fe0194d83b973cdedcdcc88947a2752411165930182ae41d983dcefa6/rpds_py-0.30.0-cp314-cp314t-macosx_10_12_x86_64.whl", hash = "sha256:7e6ecfcb62edfd632e56983964e6884851786443739dbfe3582947e87274f7cb", size = 364868, upload-time = "2025-11-30T20:23:52.494Z" },
    { url = "https://files.pythonhosted.org/packages/83/69/8bbc8b07ec854d92a8b75668c24d2abcb1719ebf890f5604c61c9369a16f/rpds_py-0.30.0-cp314-cp314t-macosx_11_0_arm64.whl", hash = "sha256:a1d0bc22a7cdc173fedebb73ef81e07faef93692b8c1ad3733b67e31e1b6e1b8", size = 353747, upload-time = "2025-11-30T20:23:54.036Z" },
    { url = "https://files.pythonhosted.org/packages/ab/00/ba2e50183dbd9abcce9497fa5149c62b4ff3e22d338a30d690f9af970561/rpds_py-0.30.0-cp314-cp314t-manylinux_2_17_aarch64.manylinux2014_aarch64.whl", hash = "sha256:0d08f00679177226c4cb8c5265012eea897c8ca3b93f429e546600c971bcbae7", size = 383795, upload-time = "2025-11-30T20:23:55.556Z" },
    { url = "https://files.pythonhosted.org/packages/05/6f/86f0272b84926bcb0e4c972262f54223e8ecc556b3224d281e6598fc9268/rpds_py-0.30.0-cp314-cp314t-manylinux_2_17_armv7l.manylinux2014_armv7l.whl", hash = "sha256:5965af57d5848192c13534f90f9dd16464f3c37aaf166cc1da1cae1fd5a34898", size = 393330, upload-time = "2025-11-30T20:23:57.033Z" },
    { url = "https://files.pythonhosted.org/packages/cb/e9/0e02bb2e6dc63d212641da45df2b0bf29699d01715913e0d0f017ee29438/rpds_py-0.30.0-cp314-cp314t-manylinux_2_17_ppc64le.manylinux2014_ppc64le.whl", hash = "sha256:9a4e86e34e9ab6b667c27f3211ca48f73dba7cd3d90f8d5b11be56e5dbc3fb4e", size = 518194, upload-time = "2025-11-30T20:23:58.637Z" },
    { url = "https://files.pythonhosted.org/packages/ee/ca/be7bca14cf21513bdf9c0606aba17d1f389ea2b6987035eb4f62bd923f25/rpds_py-0.30.0-cp314-cp314t-manylinux_2_17_s390x.manylinux2014_s390x.whl", hash = "sha256:e5d3e6b26f2c785d65cc25ef1e5267ccbe1b069c5c21b8cc724efee290554419", size = 408340, upload-time = "2025-11-30T20:24:00.2Z" },
    { url = "https://files.pythonhosted.org/packages/c2/c7/736e00ebf39ed81d75544c0da6ef7b0998f8201b369acf842f9a90dc8fce/rpds_py-0.30.0-cp314-cp314t-manylinux_2_17_x86_64.manylinux2014_x86_64.whl", hash = "sha256:626a7433c34566535b6e56a1b39a7b17ba961e97ce3b80ec62e6f1312c025551", size = 383765, upload-time = "2025-11-30T20:24:01.759Z" },
    { url = "https://files.pythonhosted.org/packages/4a/3f/da50dfde9956aaf365c4adc9533b100008ed31aea635f2b8d7b627e25b49/rpds_py-0.30.0-cp314-cp314t-manylinux_2_31_riscv64.whl", hash = "sha256:acd7eb3f4471577b9b5a41baf02a978e8bdeb08b4b355273994f8b87032000a8", size = 396834, upload-time = "2025-11-30T20:24:03.687Z" },
    { url = "https://files.pythonhosted.org/packages/4e/00/34bcc2565b6020eab2623349efbdec810676ad571995911f1abdae62a3a0/rpds_py-0.30.0-cp314-cp314t-manylinux_2_5_i686.manylinux1_i686.whl", hash = "sha256:fe5fa731a1fa8a0a56b0977413f8cacac1768dad38d16b3a296712709476fbd5", size = 415470, upload-time = "2025-11-30T20:24:05.232Z" },
    { url = "https://files.pythonhosted.org/packages/8c/28/882e72b5b3e6f718d5453bd4d0d9cf8df36fddeb4ddbbab17869d5868616/rpds_py-0.30.0-cp314-cp314t-musllinux_1_2_aarch64.whl", hash = "sha256:74a3243a411126362712ee1524dfc90c650a503502f135d54d1b352bd01f2404", size = 565630, upload-time = "2025-11-30T20:24:06.878Z" },
    { url = "https://files.pythonhosted.org/packages/3b/97/04a65539c17692de5b85c6e293520fd01317fd878ea1995f0367d4532fb1/rpds_py-0.30.0-cp314-cp314t-musllinux_1_2_i686.whl", hash = "sha256:3e8eeb0544f2eb0d2581774be4c3410356eba189529a6b3e36bbbf9696175856", size = 591148, upload-time = "2025-11-30T20:24:08.445Z" },
    { url = "https://files.pythonhosted.org/packages/85/70/92482ccffb96f5441aab93e26c4d66489eb599efdcf96fad90c14bbfb976/rpds_py-0.30.0-cp314-cp314t-musllinux_1_2_x86_64.whl", hash = "sha256:dbd936cde57abfee19ab3213cf9c26be06d60750e60a8e4dd85d1ab12c8b1f40", size = 556030, upload-time = "2025-11-30T20:24:10.956Z" },
    { url = "https://files.pythonhosted.org/packages/20/53/7c7e784abfa500a2b6b583b147ee4bb5a2b3747a9166bab52fec4b5b5e7d/rpds_py-0.30.0-cp314-cp314t-win32.whl", hash = "sha256:dc824125c72246d924f7f796b4f63c1e9dc810c7d9e2355864b3c3a73d59ade0", size = 211570, upload-time = "2025-11-30T20:24:12.735Z" },
    { url = "https://files.pythonhosted.org/packages/d0/02/fa464cdfbe6b26e0600b62c528b72d8608f5cc49f96b8d6e38c95d60c676/rpds_py-0.30.0-cp314-cp314t-win_amd64.whl", hash = "sha256:27f4b0e92de5bfbc6f86e43959e6edd1425c33b5e69aab0984a72047f2bcf1e3", size = 226532, upload-time = "2025-11-30T20:24:14.634Z" },
]

[[package]]
name = "six"
version = "1.17.0"
source = { registry = "https://pypi.org/simple" }
sdist = { url = "https://files.pythonhosted.org/packages/94/e7/b2c673351809dca68a0e064b6af791aa332cf192da575fd474ed7d6f16a2/six-1.17.0.tar.gz", hash = "sha256:ff70335d468e7eb6ec65b95b99d3a2836546063f63acc5171de367e834932a81", size = 34031, upload-time = "2024-12-04T17:35:28.174Z" }
wheels = [
    { url = "https://files.pythonhosted.org/packages/b7/ce/149a00dd41f10bc29e5921b496af8b574d8413afcd5e30dfa0ed46c2cc5e/six-1.17.0-py2.py3-none-any.whl", hash = "sha256:4721f391ed90541fddacab5acf947aa0d3dc7d27b2e1e8eda2be8970586c3274", size = 11050, upload-time = "2024-12-04T17:35:26.475Z" },
]

[[package]]
name = "typing-extensions"
version = "4.15.0"
source = { registry = "https://pypi.org/simple" }
sdist = { url = "https://files.pythonhosted.org/packages/72/94/1a15dd82efb362ac84269196e94cf00f187f7ed21c242792a923cdb1c61f/typing_extensions-4.15.0.tar.gz", hash = "sha256:0cea48d173cc12fa28ecabc3b837ea3cf6f38c6d1136f85cbaaf598984861466", size = 109391, upload-time = "2025-08-25T13:49:26.313Z" }
wheels = [
    { url = "https://files.pythonhosted.org/packages/18/67/36e9267722cc04a6b9f15c7f3441c2363321a3ea07da7ae0c0707beb2a9c/typing_extensions-4.15.0-py3-none-any.whl", hash = "sha256:f0fa19c6845758ab08074a0cfa8b7aecb71c999ca73d62883bc25cc018c4e548", size = 44614, upload-time = "2025-08-25T13:49:24.86Z" },
]

[[package]]
name = "typing-inspection"
version = "0.4.2"
source = { registry = "https://pypi.org/simple" }
dependencies = [
    { name = "typing-extensions" },
]
sdist = { url = "https://files.pythonhosted.org/packages/55/e3/70399cb7dd41c10ac53367ae42139cf4b1ca5f36bb3dc6c9d33acdb43655/typing_inspection-0.4.2.tar.gz", hash = "sha256:ba561c48a67c5958007083d386c3295464928b01faa735ab8547c5692e87f464", size = 75949, upload-time = "2025-10-01T02:14:41.687Z" }
wheels = [
    { url = "https://files.pythonhosted.org/packages/dc/9b/47798a6c91d8bdb567fe2698fe81e0c6b7cb7ef4d13da4114b41d239f65d/typing_inspection-0.4.2-py3-none-any.whl", hash = "sha256:4ed1cacbdc298c220f1bd249ed5287caa16f34d44ef4e9c3d0cbad5b521545e7", size = 14611, upload-time = "2025-10-01T02:14:40.154Z" },
]
